
Microsoft Visual Studio Solution File, Format Version 12.00
# Visual Studio 15
VisualStudioVersion = 15.0.28010.2046
MinimumVisualStudioVersion = 10.0.40219.1
Project("{FAE04EC0-301F-11D3-BF4B-00C04F79EFBC}") = "RayVRKeyBoard", "RayVRKeyBoard\RayVRKeyBoard.csproj", "{17590EB5-18D0-4CC8-AF9E-0701C5ECAC61}"
EndProject
Global
	GlobalSection(SolutionConfigurationPlatforms) = preSolution
		Debug|Any CPU = Debug|Any CPU
		Release|Any CPU = Release|Any CPU
	EndGlobalSection
	GlobalSection(ProjectConfigurationPlatforms) = postSolution
		{17590EB5-18D0-4CC8-AF9E-0701C5ECAC61}.Debug|Any CPU.ActiveCfg = Debug|Any CPU
		{17590EB5-18D0-4CC8-AF9E-0701C5ECAC61}.Debug|Any CPU.Build.0 = Debug|Any CPU
		{17590EB5-18D0-4CC8-AF9E-0701C5ECAC61}.Release|Any CPU.ActiveCfg = Release|Any CPU
		{17590EB5-18D0-4CC8-AF9E-0701C5ECAC61}.Release|Any CPU.Build.0 = Release|Any CPU
	EndGlobalSection
	GlobalSection(SolutionProperties) = preSolution
		HideSolutionNode = FALSE
	EndGlobalSection
	GlobalSection(ExtensibilityGlobals) = postSolution
		SolutionGuid = {C97895F4-7673-4807-B328-C578B276D064}
	EndGlobalSection
EndGlobal
